// !$*UTF8*$!
{
	archiveVersion = 1;
	classes = {
	};
	objectVersion = 46;
	objects = {

/* Begin PBXBuildFile section */
		22426152149FB8E800DB6C53 /* Injector.m in Sources */ = {isa = PBXBuildFile; fileRef = 2242614D149FB8E700DB6C53 /* Injector.m */; };
		22426153149FB8E800DB6C53 /* main.m in Sources */ = {isa = PBXBuildFile; fileRef = 2242614F149FB8E700DB6C53 /* main.m */; };
		22426179149FC61E00DB6C53 /* CoreFoundation.framework in Frameworks */ = {isa = PBXBuildFile; fileRef = 224E7D92149A26C60063A520 /* CoreFoundation.framework */; };
		22426186149FC6D300DB6C53 /* Injected.m in Sources */ = {isa = PBXBuildFile; fileRef = 22426185149FC6D300DB6C53 /* Injected.m */; };
		22426193149FD07F00DB6C53 /* AppKit.framework in Frameworks */ = {isa = PBXBuildFile; fileRef = 227E267E149B54F900E04B27 /* AppKit.framework */; };
		2242619A149FD60500DB6C53 /* Foundation.framework in Frameworks */ = {isa = PBXBuildFile; fileRef = 2266420C149A9634003B7019 /* Foundation.framework */; };
		2242619E149FFED700DB6C53 /* injected.bundle in CopyFiles */ = {isa = PBXBuildFile; fileRef = 22426178149FC61E00DB6C53 /* injected.bundle */; };
		224261A814A003DE00DB6C53 /* mach_inject.c in Sources */ = {isa = PBXBuildFile; fileRef = 224261A614A003DD00DB6C53 /* mach_inject.c */; };
		224261B414A0069B00DB6C53 /* mach_inject_bundle_stub.bundle in CopyFiles */ = {isa = PBXBuildFile; fileRef = 224261AF14A0041100DB6C53 /* mach_inject_bundle_stub.bundle */; };
		224261B514A00E5F00DB6C53 /* CoreFoundation.framework in Frameworks */ = {isa = PBXBuildFile; fileRef = 224E7D92149A26C60063A520 /* CoreFoundation.framework */; };
		224261BD14A0978E00DB6C53 /* AppKit.framework in Frameworks */ = {isa = PBXBuildFile; fileRef = 227E267E149B54F900E04B27 /* AppKit.framework */; };
		2266420D149A9634003B7019 /* Foundation.framework in Frameworks */ = {isa = PBXBuildFile; fileRef = 2266420C149A9634003B7019 /* Foundation.framework */; };
		227E267F149B54F900E04B27 /* AppKit.framework in Frameworks */ = {isa = PBXBuildFile; fileRef = 227E267E149B54F900E04B27 /* AppKit.framework */; };
		227E2680149B552000E04B27 /* ReadMe.markdown in Resources */ = {isa = PBXBuildFile; fileRef = 22929E3B149A729000E06226 /* ReadMe.markdown */; };
		227E2681149B553E00E04B27 /* ServiceManagement.framework in Frameworks */ = {isa = PBXBuildFile; fileRef = 4BE4906710445F36006BE471 /* ServiceManagement.framework */; };
		4BE4905110445D49006BE471 /* main.m in Sources */ = {isa = PBXBuildFile; fileRef = 4BE4904D10445D49006BE471 /* main.m */; };
		4BE4906410445F2F006BE471 /* Security.framework in Frameworks */ = {isa = PBXBuildFile; fileRef = 4BE4906310445F2F006BE471 /* Security.framework */; };
		4BE49092104463A0006BE471 /* com.elegantchaos.injection.injector in CopyFiles */ = {isa = PBXBuildFile; fileRef = 4BE4905D10445E0A006BE471 /* com.elegantchaos.injection.injector */; };
		BF04235611C0531400431286 /* HostAppController.m in Sources */ = {isa = PBXBuildFile; fileRef = BF04235511C0531400431286 /* HostAppController.m */; };
		BF65C19111B985C0007C20AB /* MainMenu.xib in Resources */ = {isa = PBXBuildFile; fileRef = BF65C19011B985C0007C20AB /* MainMenu.xib */; };
/* End PBXBuildFile section */

/* Begin PBXContainerItemProxy section */
		22426195149FD48A00DB6C53 /* PBXContainerItemProxy */ = {
			isa = PBXContainerItemProxy;
			containerPortal = 29B97313FDCFA39411CA2CEA /* Project object */;
			proxyType = 1;
			remoteGlobalIDString = 22426177149FC61E00DB6C53;
			remoteInfo = injected;
		};
		224261AE14A0041100DB6C53 /* PBXContainerItemProxy */ = {
			isa = PBXContainerItemProxy;
			containerPortal = 224261AA14A0041000DB6C53 /* mach_inject_bundle_stub.xcodeproj */;
			proxyType = 2;
			remoteGlobalIDString = 8D01CCD20486CAD60068D4B7;
			remoteInfo = mach_inject_bundle_stub;
		};
		224261B214A0069100DB6C53 /* PBXContainerItemProxy */ = {
			isa = PBXContainerItemProxy;
			containerPortal = 224261AA14A0041000DB6C53 /* mach_inject_bundle_stub.xcodeproj */;
			proxyType = 1;
			remoteGlobalIDString = 8D01CCC60486CAD60068D4B7;
			remoteInfo = mach_inject_bundle_stub;
		};
		4BE4907E1044624F006BE471 /* PBXContainerItemProxy */ = {
			isa = PBXContainerItemProxy;
			containerPortal = 29B97313FDCFA39411CA2CEA /* Project object */;
			proxyType = 1;
			remoteGlobalIDString = 4BE4905C10445E0A006BE471;
			remoteInfo = SMJobBlessHelper;
		};
/* End PBXContainerItemProxy section */

/* Begin PBXCopyFilesBuildPhase section */
		2242619D149FFEB100DB6C53 /* CopyFiles */ = {
			isa = PBXCopyFilesBuildPhase;
			buildActionMask = 2147483647;
			dstPath = Injection;
			dstSubfolderSpec = 7;
			files = (
				224261B414A0069B00DB6C53 /* mach_inject_bundle_stub.bundle in CopyFiles */,
				2242619E149FFED700DB6C53 /* injected.bundle in CopyFiles */,
			);
			runOnlyForDeploymentPostprocessing = 0;
		};
		224E7D89149A25200063A520 /* CopyFiles */ = {
			isa = PBXCopyFilesBuildPhase;
			buildActionMask = 2147483647;
			dstPath = "";
			dstSubfolderSpec = 16;
			files = (
			);
			runOnlyForDeploymentPostprocessing = 0;
		};
		4BE49098104463C5006BE471 /* CopyFiles */ = {
			isa = PBXCopyFilesBuildPhase;
			buildActionMask = 2147483647;
			dstPath = Contents/Library/LaunchServices;
			dstSubfolderSpec = 1;
			files = (
				4BE49092104463A0006BE471 /* com.elegantchaos.injection.injector in CopyFiles */,
			);
			runOnlyForDeploymentPostprocessing = 0;
		};
/* End PBXCopyFilesBuildPhase section */

/* Begin PBXFileReference section */
		222B290C149A5FFC00DF7EB2 /* Processed-Info.plist */ = {isa = PBXFileReference; lastKnownFileType = text.plist.xml; path = "Processed-Info.plist"; sourceTree = "<group>"; };
		2242614B149FB8E700DB6C53 /* info.plist */ = {isa = PBXFileReference; fileEncoding = 4; lastKnownFileType = text.plist.xml; path = info.plist; sourceTree = "<group>"; };
		2242614C149FB8E700DB6C53 /* Injector.h */ = {isa = PBXFileReference; fileEncoding = 4; lastKnownFileType = sourcecode.c.h; path = Injector.h; sourceTree = "<group>"; };
		2242614D149FB8E700DB6C53 /* Injector.m */ = {isa = PBXFileReference; fileEncoding = 4; lastKnownFileType = sourcecode.c.objc; path = Injector.m; sourceTree = "<group>"; };
		2242614E149FB8E700DB6C53 /* Launchd.plist */ = {isa = PBXFileReference; fileEncoding = 4; lastKnownFileType = text.plist.xml; path = Launchd.plist; sourceTree = "<group>"; };
		2242614F149FB8E700DB6C53 /* main.m */ = {isa = PBXFileReference; fileEncoding = 4; lastKnownFileType = sourcecode.c.objc; path = main.m; sourceTree = "<group>"; };
		22426150149FB8E700DB6C53 /* Processed-Info.plist */ = {isa = PBXFileReference; fileEncoding = 4; lastKnownFileType = text.plist.xml; path = "Processed-Info.plist"; sourceTree = "<group>"; };
		22426151149FB8E700DB6C53 /* Processed-Launchd.plist */ = {isa = PBXFileReference; fileEncoding = 4; lastKnownFileType = text.plist.xml; path = "Processed-Launchd.plist"; sourceTree = "<group>"; };
		22426178149FC61E00DB6C53 /* injected.bundle */ = {isa = PBXFileReference; explicitFileType = wrapper.cfbundle; includeInIndex = 0; path = injected.bundle; sourceTree = BUILT_PRODUCTS_DIR; };
		22426184149FC6D300DB6C53 /* Injected.h */ = {isa = PBXFileReference; fileEncoding = 4; lastKnownFileType = sourcecode.c.h; path = Injected.h; sourceTree = "<group>"; };
		22426185149FC6D300DB6C53 /* Injected.m */ = {isa = PBXFileReference; fileEncoding = 4; lastKnownFileType = sourcecode.c.objc; path = Injected.m; sourceTree = "<group>"; };
		22426187149FC71800DB6C53 /* Injected.plist */ = {isa = PBXFileReference; fileEncoding = 4; lastKnownFileType = text.plist.xml; path = Injected.plist; sourceTree = "<group>"; };
		224261A614A003DD00DB6C53 /* mach_inject.c */ = {isa = PBXFileReference; fileEncoding = 4; lastKnownFileType = sourcecode.c.c; name = mach_inject.c; path = mach_star/mach_inject/mach_inject.c; sourceTree = "<group>"; };
		224261A714A003DE00DB6C53 /* mach_inject.h */ = {isa = PBXFileReference; fileEncoding = 4; lastKnownFileType = sourcecode.c.h; name = mach_inject.h; path = mach_star/mach_inject/mach_inject.h; sourceTree = "<group>"; };
		224261AA14A0041000DB6C53 /* mach_inject_bundle_stub.xcodeproj */ = {isa = PBXFileReference; lastKnownFileType = "wrapper.pb-project"; name = mach_inject_bundle_stub.xcodeproj; path = mach_star/mach_inject_bundle_stub/mach_inject_bundle_stub.xcodeproj; sourceTree = "<group>"; };
		224261B014A0048900DB6C53 /* mach_inject_bundle_stub.h */ = {isa = PBXFileReference; fileEncoding = 4; lastKnownFileType = sourcecode.c.h; name = mach_inject_bundle_stub.h; path = mach_star/mach_inject_bundle_stub/mach_inject_bundle_stub.h; sourceTree = "<group>"; };
		224E7D92149A26C60063A520 /* CoreFoundation.framework */ = {isa = PBXFileReference; lastKnownFileType = wrapper.framework; name = CoreFoundation.framework; path = System/Library/Frameworks/CoreFoundation.framework; sourceTree = SDKROOT; };
		2266420C149A9634003B7019 /* Foundation.framework */ = {isa = PBXFileReference; lastKnownFileType = wrapper.framework; name = Foundation.framework; path = System/Library/Frameworks/Foundation.framework; sourceTree = SDKROOT; };
		227E267C149B53AA00E04B27 /* Settings.xcconfig */ = {isa = PBXFileReference; lastKnownFileType = text.xcconfig; path = Settings.xcconfig; sourceTree = "<group>"; };
		227E267E149B54F900E04B27 /* AppKit.framework */ = {isa = PBXFileReference; lastKnownFileType = wrapper.framework; name = AppKit.framework; path = System/Library/Frameworks/AppKit.framework; sourceTree = SDKROOT; };
		22929E3B149A729000E06226 /* ReadMe.markdown */ = {isa = PBXFileReference; lastKnownFileType = text; path = ReadMe.markdown; sourceTree = "<group>"; wrapsLines = 1; };
		4BE4904C10445D49006BE471 /* Info.plist */ = {isa = PBXFileReference; fileEncoding = 4; lastKnownFileType = text.plist.xml; path = Info.plist; sourceTree = "<group>"; };
		4BE4904D10445D49006BE471 /* main.m */ = {isa = PBXFileReference; fileEncoding = 4; lastKnownFileType = sourcecode.c.objc; path = main.m; sourceTree = "<group>"; };
		4BE4905D10445E0A006BE471 /* com.elegantchaos.injection.injector */ = {isa = PBXFileReference; explicitFileType = "compiled.mach-o.executable"; includeInIndex = 0; path = com.elegantchaos.injection.injector; sourceTree = BUILT_PRODUCTS_DIR; };
		4BE4906310445F2F006BE471 /* Security.framework */ = {isa = PBXFileReference; lastKnownFileType = wrapper.framework; name = Security.framework; path = System/Library/Frameworks/Security.framework; sourceTree = SDKROOT; };
		4BE4906710445F36006BE471 /* ServiceManagement.framework */ = {isa = PBXFileReference; lastKnownFileType = wrapper.framework; name = ServiceManagement.framework; path = System/Library/Frameworks/ServiceManagement.framework; sourceTree = SDKROOT; };
		8D1107320486CEB800E47090 /* host.app */ = {isa = PBXFileReference; explicitFileType = wrapper.application; includeInIndex = 0; path = host.app; sourceTree = BUILT_PRODUCTS_DIR; };
		BF04235411C0531400431286 /* HostAppController.h */ = {isa = PBXFileReference; fileEncoding = 4; lastKnownFileType = sourcecode.c.h; path = HostAppController.h; sourceTree = "<group>"; };
		BF04235511C0531400431286 /* HostAppController.m */ = {isa = PBXFileReference; fileEncoding = 4; lastKnownFileType = sourcecode.c.objc; path = HostAppController.m; sourceTree = "<group>"; };
		BF65C19011B985C0007C20AB /* MainMenu.xib */ = {isa = PBXFileReference; lastKnownFileType = file.xib; path = MainMenu.xib; sourceTree = "<group>"; };
/* End PBXFileReference section */

/* Begin PBXFrameworksBuildPhase section */
		22426175149FC61E00DB6C53 /* Frameworks */ = {
			isa = PBXFrameworksBuildPhase;
			buildActionMask = 2147483647;
			files = (
				224261BD14A0978E00DB6C53 /* AppKit.framework in Frameworks */,
				2242619A149FD60500DB6C53 /* Foundation.framework in Frameworks */,
				22426179149FC61E00DB6C53 /* CoreFoundation.framework in Frameworks */,
			);
			runOnlyForDeploymentPostprocessing = 0;
		};
		4BE4905B10445E0A006BE471 /* Frameworks */ = {
			isa = PBXFrameworksBuildPhase;
			buildActionMask = 2147483647;
			files = (
				224261B514A00E5F00DB6C53 /* CoreFoundation.framework in Frameworks */,
				22426193149FD07F00DB6C53 /* AppKit.framework in Frameworks */,
				2266420D149A9634003B7019 /* Foundation.framework in Frameworks */,
			);
			runOnlyForDeploymentPostprocessing = 0;
		};
		8D11072E0486CEB800E47090 /* Frameworks */ = {
			isa = PBXFrameworksBuildPhase;
			buildActionMask = 2147483647;
			files = (
				227E267F149B54F900E04B27 /* AppKit.framework in Frameworks */,
				4BE4906410445F2F006BE471 /* Security.framework in Frameworks */,
				227E2681149B553E00E04B27 /* ServiceManagement.framework in Frameworks */,
			);
			runOnlyForDeploymentPostprocessing = 0;
		};
/* End PBXFrameworksBuildPhase section */

/* Begin PBXGroup section */
		19C28FACFE9D520D11CA2CBB /* Products */ = {
			isa = PBXGroup;
			children = (
				8D1107320486CEB800E47090 /* host.app */,
				4BE4905D10445E0A006BE471 /* com.elegantchaos.injection.injector */,
				22426178149FC61E00DB6C53 /* injected.bundle */,
			);
			name = Products;
			sourceTree = "<group>";
		};
		2242614A149FB8E700DB6C53 /* Injector */ = {
			isa = PBXGroup;
			children = (
				2242614C149FB8E700DB6C53 /* Injector.h */,
				2242614D149FB8E700DB6C53 /* Injector.m */,
				2242614B149FB8E700DB6C53 /* info.plist */,
				2242614E149FB8E700DB6C53 /* Launchd.plist */,
				2242614F149FB8E700DB6C53 /* main.m */,
				224261A914A003E300DB6C53 /* mach_inject */,
				22426150149FB8E700DB6C53 /* Processed-Info.plist */,
				22426151149FB8E700DB6C53 /* Processed-Launchd.plist */,
				224261AA14A0041000DB6C53 /* mach_inject_bundle_stub.xcodeproj */,
			);
			path = Injector;
			sourceTree = "<group>";
		};
		224261A914A003E300DB6C53 /* mach_inject */ = {
			isa = PBXGroup;
			children = (
				224261A614A003DD00DB6C53 /* mach_inject.c */,
				224261A714A003DE00DB6C53 /* mach_inject.h */,
				224261B014A0048900DB6C53 /* mach_inject_bundle_stub.h */,
			);
			name = mach_inject;
			sourceTree = "<group>";
		};
		224261AB14A0041000DB6C53 /* Products */ = {
			isa = PBXGroup;
			children = (
				224261AF14A0041100DB6C53 /* mach_inject_bundle_stub.bundle */,
			);
			name = Products;
			sourceTree = "<group>";
		};
		224261BE14A09E7700DB6C53 /* Injected */ = {
			isa = PBXGroup;
			children = (
				22426187149FC71800DB6C53 /* Injected.plist */,
				22426184149FC6D300DB6C53 /* Injected.h */,
				22426185149FC6D300DB6C53 /* Injected.m */,
			);
			name = Injected;
			path = Injector;
			sourceTree = "<group>";
		};
		29B97314FDCFA39411CA2CEA /* SMJobBless */ = {
			isa = PBXGroup;
			children = (
				22929E3B149A729000E06226 /* ReadMe.markdown */,
				227E267C149B53AA00E04B27 /* Settings.xcconfig */,
				224261BE14A09E7700DB6C53 /* Injected */,
				2242614A149FB8E700DB6C53 /* Injector */,
				4BE4904710445D49006BE471 /* Host */,
				29B97317FDCFA39411CA2CEA /* Resources */,
				29B97323FDCFA39411CA2CEA /* Frameworks */,
				19C28FACFE9D520D11CA2CBB /* Products */,
			);
			name = SMJobBless;
			sourceTree = "<group>";
		};
		29B97317FDCFA39411CA2CEA /* Resources */ = {
			isa = PBXGroup;
			children = (
				BF65C19011B985C0007C20AB /* MainMenu.xib */,
			);
			name = Resources;
			path = Host;
			sourceTree = "<group>";
		};
		29B97323FDCFA39411CA2CEA /* Frameworks */ = {
			isa = PBXGroup;
			children = (
				227E267E149B54F900E04B27 /* AppKit.framework */,
				2266420C149A9634003B7019 /* Foundation.framework */,
				4BE4906310445F2F006BE471 /* Security.framework */,
				4BE4906710445F36006BE471 /* ServiceManagement.framework */,
				224E7D92149A26C60063A520 /* CoreFoundation.framework */,
			);
			name = Frameworks;
			sourceTree = "<group>";
		};
		4BE4904710445D49006BE471 /* Host */ = {
			isa = PBXGroup;
			children = (
				BF04235411C0531400431286 /* HostAppController.h */,
				BF04235511C0531400431286 /* HostAppController.m */,
				4BE4904C10445D49006BE471 /* Info.plist */,
				222B290C149A5FFC00DF7EB2 /* Processed-Info.plist */,
				4BE4904D10445D49006BE471 /* main.m */,
			);
			path = Host;
			sourceTree = "<group>";
		};
/* End PBXGroup section */

/* Begin PBXNativeTarget section */
		22426177149FC61E00DB6C53 /* injected */ = {
			isa = PBXNativeTarget;
			buildConfigurationList = 22426181149FC61E00DB6C53 /* Build configuration list for PBXNativeTarget "injected" */;
			buildPhases = (
				22426174149FC61E00DB6C53 /* Sources */,
				22426175149FC61E00DB6C53 /* Frameworks */,
				22426176149FC61E00DB6C53 /* Resources */,
			);
			buildRules = (
			);
			dependencies = (
			);
			name = injected;
			productName = "injected bundle";
			productReference = 22426178149FC61E00DB6C53 /* injected.bundle */;
			productType = "com.apple.product-type.bundle";
		};
		4BE4905C10445E0A006BE471 /* injector */ = {
			isa = PBXNativeTarget;
			buildConfigurationList = 4BE4906210445E31006BE471 /* Build configuration list for PBXNativeTarget "injector" */;
			buildPhases = (
				222B290A149A3EC600DF7EB2 /* ShellScript */,
				224E7D89149A25200063A520 /* CopyFiles */,
				4BE4905A10445E0A006BE471 /* Sources */,
				4BE4905B10445E0A006BE471 /* Frameworks */,
			);
			buildRules = (
			);
			dependencies = (
			);
			name = injector;
			productName = SMJobBlessHelper;
			productReference = 4BE4905D10445E0A006BE471 /* com.elegantchaos.injection.injector */;
			productType = "com.apple.product-type.tool";
		};
		8D1107260486CEB800E47090 /* host */ = {
			isa = PBXNativeTarget;
			buildConfigurationList = C01FCF4A08A954540054247B /* Build configuration list for PBXNativeTarget "host" */;
			buildPhases = (
				222B290B149A5F2600DF7EB2 /* ShellScript */,
				8D1107290486CEB800E47090 /* Resources */,
				8D11072C0486CEB800E47090 /* Sources */,
				8D11072E0486CEB800E47090 /* Frameworks */,
				4BE49098104463C5006BE471 /* CopyFiles */,
				2242619D149FFEB100DB6C53 /* CopyFiles */,
			);
			buildRules = (
			);
			dependencies = (
				224261B314A0069100DB6C53 /* PBXTargetDependency */,
				22426196149FD48A00DB6C53 /* PBXTargetDependency */,
				4BE4907F1044624F006BE471 /* PBXTargetDependency */,
			);
			name = host;
			productInstallPath = "$(HOME)/Applications";
			productName = SMJobBless;
			productReference = 8D1107320486CEB800E47090 /* host.app */;
			productType = "com.apple.product-type.application";
		};
/* End PBXNativeTarget section */

/* Begin PBXProject section */
		29B97313FDCFA39411CA2CEA /* Project object */ = {
			isa = PBXProject;
			attributes = {
				LastUpgradeCheck = 0430;
			};
			buildConfigurationList = C01FCF4E08A954540054247B /* Build configuration list for PBXProject "ECInjection" */;
			compatibilityVersion = "Xcode 3.2";
			developmentRegion = English;
			hasScannedForEncodings = 1;
			knownRegions = (
				en,
			);
			mainGroup = 29B97314FDCFA39411CA2CEA /* SMJobBless */;
			projectDirPath = "";
			projectReferences = (
				{
					ProductGroup = 224261AB14A0041000DB6C53 /* Products */;
					ProjectRef = 224261AA14A0041000DB6C53 /* mach_inject_bundle_stub.xcodeproj */;
				},
			);
			projectRoot = "";
			targets = (
				8D1107260486CEB800E47090 /* host */,
				4BE4905C10445E0A006BE471 /* injector */,
				22426177149FC61E00DB6C53 /* injected */,
			);
		};
/* End PBXProject section */

/* Begin PBXReferenceProxy section */
		224261AF14A0041100DB6C53 /* mach_inject_bundle_stub.bundle */ = {
			isa = PBXReferenceProxy;
			fileType = wrapper.cfbundle;
			path = mach_inject_bundle_stub.bundle;
			remoteRef = 224261AE14A0041100DB6C53 /* PBXContainerItemProxy */;
			sourceTree = BUILT_PRODUCTS_DIR;
		};
/* End PBXReferenceProxy section */

/* Begin PBXResourcesBuildPhase section */
		22426176149FC61E00DB6C53 /* Resources */ = {
			isa = PBXResourcesBuildPhase;
			buildActionMask = 2147483647;
			files = (
			);
			runOnlyForDeploymentPostprocessing = 0;
		};
		8D1107290486CEB800E47090 /* Resources */ = {
			isa = PBXResourcesBuildPhase;
			buildActionMask = 2147483647;
			files = (
				BF65C19111B985C0007C20AB /* MainMenu.xib in Resources */,
				227E2680149B552000E04B27 /* ReadMe.markdown in Resources */,
			);
			runOnlyForDeploymentPostprocessing = 0;
		};
/* End PBXResourcesBuildPhase section */

/* Begin PBXShellScriptBuildPhase section */
		222B290A149A3EC600DF7EB2 /* ShellScript */ = {
			isa = PBXShellScriptBuildPhase;
			buildActionMask = 2147483647;
			files = (
			);
			inputPaths = (
				Injector/Info.plist,
				Injector/Launchd.plist,
			);
			outputPaths = (
				"Injector/Processed-Info.plist",
				"Injector/Processed-Launchd.plist",
			);
			runOnlyForDeploymentPostprocessing = 0;
			shellPath = /bin/sh;
			shellScript = "cat \"Injector/Info.plist\" | sed -e \"s/\\${INJECTOR_ID}/${INJECTOR_ID}/\" | sed -e \"s/\\${INJECTOR_SIGNING}/${INJECTOR_SIGNING}/\" | sed -e \"s/\\${HOST_ID}/${HOST_ID}/\" > \"Injector/Processed-Info.plist\"\n\ncat \"Injector/Launchd.plist\" | sed -e \"s/\\${INJECTOR_ID}/${INJECTOR_ID}/\" | sed -e \"s/\\${INJECTOR_SIGNING}/${INJECTOR_SIGNING}/\" > \"Injector/Processed-Launchd.plist\"\n";
		};
		222B290B149A5F2600DF7EB2 /* ShellScript */ = {
			isa = PBXShellScriptBuildPhase;
			buildActionMask = 2147483647;
			files = (
			);
			inputPaths = (
				Host/Info.plist,
			);
			outputPaths = (
				"Host/Processed-Info.plist",
			);
			runOnlyForDeploymentPostprocessing = 0;
			shellPath = /bin/sh;
			shellScript = "cat \"Host/Info.plist\" | sed -e \"s/\\${INJECTOR_ID}/${INJECTOR_ID}/\" | sed -e \"s/\\${INJECTOR_SIGNING}/${INJECTOR_SIGNING}/\" > \"Host/Processed-Info.plist\"\n";
		};
/* End PBXShellScriptBuildPhase section */

/* Begin PBXSourcesBuildPhase section */
		22426174149FC61E00DB6C53 /* Sources */ = {
			isa = PBXSourcesBuildPhase;
			buildActionMask = 2147483647;
			files = (
				22426186149FC6D300DB6C53 /* Injected.m in Sources */,
			);
			runOnlyForDeploymentPostprocessing = 0;
		};
		4BE4905A10445E0A006BE471 /* Sources */ = {
			isa = PBXSourcesBuildPhase;
			buildActionMask = 2147483647;
			files = (
				22426152149FB8E800DB6C53 /* Injector.m in Sources */,
				22426153149FB8E800DB6C53 /* main.m in Sources */,
				224261A814A003DE00DB6C53 /* mach_inject.c in Sources */,
			);
			runOnlyForDeploymentPostprocessing = 0;
		};
		8D11072C0486CEB800E47090 /* Sources */ = {
			isa = PBXSourcesBuildPhase;
			buildActionMask = 2147483647;
			files = (
				4BE4905110445D49006BE471 /* main.m in Sources */,
				BF04235611C0531400431286 /* HostAppController.m in Sources */,
			);
			runOnlyForDeploymentPostprocessing = 0;
		};
/* End PBXSourcesBuildPhase section */

/* Begin PBXTargetDependency section */
		22426196149FD48A00DB6C53 /* PBXTargetDependency */ = {
			isa = PBXTargetDependency;
			target = 22426177149FC61E00DB6C53 /* injected */;
			targetProxy = 22426195149FD48A00DB6C53 /* PBXContainerItemProxy */;
		};
		224261B314A0069100DB6C53 /* PBXTargetDependency */ = {
			isa = PBXTargetDependency;
			name = mach_inject_bundle_stub;
			targetProxy = 224261B214A0069100DB6C53 /* PBXContainerItemProxy */;
		};
		4BE4907F1044624F006BE471 /* PBXTargetDependency */ = {
			isa = PBXTargetDependency;
			target = 4BE4905C10445E0A006BE471 /* injector */;
			targetProxy = 4BE4907E1044624F006BE471 /* PBXContainerItemProxy */;
		};
/* End PBXTargetDependency section */

/* Begin XCBuildConfiguration section */
		22426182149FC61E00DB6C53 /* Debug */ = {
			isa = XCBuildConfiguration;
			buildSettings = {
				ALWAYS_SEARCH_USER_PATHS = NO;
				ARCHS = "$(ARCHS_STANDARD_64_BIT)";
				COPY_PHASE_STRIP = NO;
				GCC_DYNAMIC_NO_PIC = NO;
				GCC_ENABLE_OBJC_EXCEPTIONS = YES;
				GCC_PRECOMPILE_PREFIX_HEADER = NO;
				GCC_PREPROCESSOR_DEFINITIONS = (
					"DEBUG=1",
					"$(inherited)",
				);
				GCC_SYMBOLS_PRIVATE_EXTERN = NO;
				GCC_VERSION = com.apple.compilers.llvm.clang.1_0;
				GCC_WARN_64_TO_32_BIT_CONVERSION = YES;
				GCC_WARN_ABOUT_MISSING_PROTOTYPES = YES;
				INFOPLIST_FILE = Injector/Injected.plist;
				INSTALL_PATH = "$(LOCAL_LIBRARY_DIR)/Bundles";
				MACOSX_DEPLOYMENT_TARGET = 10.7;
				PRODUCT_NAME = "$(TARGET_NAME)";
				WRAPPER_EXTENSION = bundle;
			};
			name = Debug;
		};
		22426183149FC61E00DB6C53 /* Release */ = {
			isa = XCBuildConfiguration;
			buildSettings = {
				ALWAYS_SEARCH_USER_PATHS = NO;
				ARCHS = "$(ARCHS_STANDARD_64_BIT)";
				COPY_PHASE_STRIP = YES;
				DEBUG_INFORMATION_FORMAT = "dwarf-with-dsym";
				GCC_ENABLE_OBJC_EXCEPTIONS = YES;
				GCC_PRECOMPILE_PREFIX_HEADER = NO;
				GCC_VERSION = com.apple.compilers.llvm.clang.1_0;
				GCC_WARN_64_TO_32_BIT_CONVERSION = YES;
				GCC_WARN_ABOUT_MISSING_PROTOTYPES = YES;
				INFOPLIST_FILE = Injector/Injected.plist;
				INSTALL_PATH = "$(LOCAL_LIBRARY_DIR)/Bundles";
				MACOSX_DEPLOYMENT_TARGET = 10.7;
				PRODUCT_NAME = "$(TARGET_NAME)";
				WRAPPER_EXTENSION = bundle;
			};
			name = Release;
		};
		4BE4905F10445E0B006BE471 /* Debug */ = {
			isa = XCBuildConfiguration;
			buildSettings = {
				ALWAYS_SEARCH_USER_PATHS = NO;
				COPY_PHASE_STRIP = NO;
				GCC_DYNAMIC_NO_PIC = NO;
				GCC_OPTIMIZATION_LEVEL = 0;
				INFOPLIST_FILE = Host/Info.plist;
				INFOPLIST_PREPROCESS = YES;
				INSTALL_PATH = /usr/local/bin;
				OTHER_LDFLAGS = (
					"-sectcreate",
					__TEXT,
					__info_plist,
					"Injector/Processed-Info.plist",
					"-sectcreate",
					__TEXT,
					__launchd_plist,
					"Injector/Processed-Launchd.plist",
				);
				PRODUCT_NAME = "${INJECTOR_ID}";
			};
			name = Debug;
		};
		4BE4906010445E0B006BE471 /* Release */ = {
			isa = XCBuildConfiguration;
			buildSettings = {
				ALWAYS_SEARCH_USER_PATHS = NO;
				COPY_PHASE_STRIP = YES;
				DEBUG_INFORMATION_FORMAT = "dwarf-with-dsym";
				INFOPLIST_FILE = Host/Info.plist;
				INFOPLIST_PREPROCESS = YES;
				INSTALL_PATH = /usr/local/bin;
				OTHER_LDFLAGS = (
					"-sectcreate",
					__TEXT,
					__info_plist,
					"Injector/Processed-Info.plist",
					"-sectcreate",
					__TEXT,
					__launchd_plist,
					"Injector/Processed-Launchd.plist",
				);
				PRODUCT_NAME = "${INJECTOR_ID}";
			};
			name = Release;
		};
		C01FCF4B08A954540054247B /* Debug */ = {
			isa = XCBuildConfiguration;
			buildSettings = {
				ALWAYS_SEARCH_USER_PATHS = NO;
				COPY_PHASE_STRIP = NO;
				GCC_DYNAMIC_NO_PIC = NO;
				GCC_OPTIMIZATION_LEVEL = 0;
				INFOPLIST_FILE = "Host/Processed-Info.plist";
				INSTALL_PATH = "$(HOME)/Applications";
				PRODUCT_NAME = host;
			};
			name = Debug;
		};
		C01FCF4C08A954540054247B /* Release */ = {
			isa = XCBuildConfiguration;
			buildSettings = {
				ALWAYS_SEARCH_USER_PATHS = NO;
				DEBUG_INFORMATION_FORMAT = "dwarf-with-dsym";
				INFOPLIST_FILE = "Host/Processed-Info.plist";
				INSTALL_PATH = "$(HOME)/Applications";
				PRODUCT_NAME = host;
			};
			name = Release;
		};
		C01FCF4F08A954540054247B /* Debug */ = {
			isa = XCBuildConfiguration;
			baseConfigurationReference = 227E267C149B53AA00E04B27 /* Settings.xcconfig */;
			buildSettings = {
				ARCHS = "$(ARCHS_STANDARD_32_64_BIT)";
				CODE_SIGN_IDENTITY = "${INJECTOR_SIGNING}";
				GCC_C_LANGUAGE_STANDARD = gnu99;
				GCC_OPTIMIZATION_LEVEL = 0;
				GCC_WARN_ABOUT_RETURN_TYPE = YES;
				GCC_WARN_UNUSED_VARIABLE = YES;
				ONLY_ACTIVE_ARCH = YES;
				PROVISIONING_PROFILE = "";
				SDKROOT = macosx;
			};
			name = Debug;
		};
		C01FCF5008A954540054247B /* Release */ = {
			isa = XCBuildConfiguration;
			baseConfigurationReference = 227E267C149B53AA00E04B27 /* Settings.xcconfig */;
			buildSettings = {
				ARCHS = "$(ARCHS_STANDARD_32_64_BIT)";
				CODE_SIGN_IDENTITY = "${INJECTOR_SIGNING}";
				GCC_C_LANGUAGE_STANDARD = gnu99;
				GCC_WARN_ABOUT_RETURN_TYPE = YES;
				GCC_WARN_UNUSED_VARIABLE = YES;
				PROVISIONING_PROFILE = "";
				SDKROOT = macosx;
			};
			name = Release;
		};
/* End XCBuildConfiguration section */

/* Begin XCConfigurationList section */
		22426181149FC61E00DB6C53 /* Build configuration list for PBXNativeTarget "injected" */ = {
			isa = XCConfigurationList;
			buildConfigurations = (
				22426182149FC61E00DB6C53 /* Debug */,
				22426183149FC61E00DB6C53 /* Release */,
			);
			defaultConfigurationIsVisible = 0;
		};
		4BE4906210445E31006BE471 /* Build configuration list for PBXNativeTarget "injector" */ = {
			isa = XCConfigurationList;
			buildConfigurations = (
				4BE4905F10445E0B006BE471 /* Debug */,
				4BE4906010445E0B006BE471 /* Release */,
			);
			defaultConfigurationIsVisible = 0;
			defaultConfigurationName = Release;
		};
		C01FCF4A08A954540054247B /* Build configuration list for PBXNativeTarget "host" */ = {
			isa = XCConfigurationList;
			buildConfigurations = (
				C01FCF4B08A954540054247B /* Debug */,
				C01FCF4C08A954540054247B /* Release */,
			);
			defaultConfigurationIsVisible = 0;
			defaultConfigurationName = Release;
		};
		C01FCF4E08A954540054247B /* Build configuration list for PBXProject "ECInjection" */ = {
			isa = XCConfigurationList;
			buildConfigurations = (
				C01FCF4F08A954540054247B /* Debug */,
				C01FCF5008A954540054247B /* Release */,
			);
			defaultConfigurationIsVisible = 0;
			defaultConfigurationName = Release;
		};
/* End XCConfigurationList section */
	};
	rootObject = 29B97313FDCFA39411CA2CEA /* Project object */;
}
